// !$*UTF8*$!
{
	archiveVersion = 1;
	classes = {
	};
	objectVersion = 46;
	objects = {

/* Begin PBXBuildFile section */
		D857398D1F69402600949565 /* main.m in Sources */ = {isa = PBXBuildFile; fileRef = D857398C1F69402600949565 /* main.m */; };
		D85739901F69402600949565 /* AppDelegate.m in Sources */ = {isa = PBXBuildFile; fileRef = D857398F1F69402600949565 /* AppDelegate.m */; };
		D85739931F69402600949565 /* ViewController.m in Sources */ = {isa = PBXBuildFile; fileRef = D85739921F69402600949565 /* ViewController.m */; };
		D85739961F69402600949565 /* Main.storyboard in Resources */ = {isa = PBXBuildFile; fileRef = D85739941F69402600949565 /* Main.storyboard */; };
		D85739981F69402600949565 /* Assets.xcassets in Resources */ = {isa = PBXBuildFile; fileRef = D85739971F69402600949565 /* Assets.xcassets */; };
		D857399B1F69402600949565 /* LaunchScreen.storyboard in Resources */ = {isa = PBXBuildFile; fileRef = D85739991F69402600949565 /* LaunchScreen.storyboard */; };
		D85739A61F69402600949565 /* AnimationDemoTests.m in Sources */ = {isa = PBXBuildFile; fileRef = D85739A51F69402600949565 /* AnimationDemoTests.m */; };
		D85739B11F69402600949565 /* AnimationDemoUITests.m in Sources */ = {isa = PBXBuildFile; fileRef = D85739B01F69402600949565 /* AnimationDemoUITests.m */; };
		D85739C01F69403900949565 /* QuartzCore.framework in Frameworks */ = {isa = PBXBuildFile; fileRef = D85739BF1F69403900949565 /* QuartzCore.framework */; };
/* End PBXBuildFile section */

/* Begin PBXContainerItemProxy section */
		D85739A21F69402600949565 /* PBXContainerItemProxy */ = {
			isa = PBXContainerItemProxy;
			containerPortal = D85739801F69402600949565 /* Project object */;
			proxyType = 1;
			remoteGlobalIDString = D85739871F69402600949565;
			remoteInfo = AnimationDemo;
		};
		D85739AD1F69402600949565 /* PBXContainerItemProxy */ = {
			isa = PBXContainerItemProxy;
			containerPortal = D85739801F69402600949565 /* Project object */;
			proxyType = 1;
			remoteGlobalIDString = D85739871F69402600949565;
			remoteInfo = AnimationDemo;
		};
/* End PBXContainerItemProxy section */

/* Begin PBXFileReference section */
		D85739881F69402600949565 /* AnimationDemo.app */ = {isa = PBXFileReference; explicitFileType = wrapper.application; includeInIndex = 0; path = AnimationDemo.app; sourceTree = BUILT_PRODUCTS_DIR; };
		D857398C1F69402600949565 /* main.m */ = {isa = PBXFileReference; lastKnownFileType = sourcecode.c.objc; path = main.m; sourceTree = "<group>"; };
		D857398E1F69402600949565 /* AppDelegate.h */ = {isa = PBXFileReference; lastKnownFileType = sourcecode.c.h; path = AppDelegate.h; sourceTree = "<group>"; };
		D857398F1F69402600949565 /* AppDelegate.m */ = {isa = PBXFileReference; lastKnownFileType = sourcecode.c.objc; path = AppDelegate.m; sourceTree = "<group>"; };
		D85739911F69402600949565 /* ViewController.h */ = {isa = PBXFileReference; lastKnownFileType = sourcecode.c.h; path = ViewController.h; sourceTree = "<group>"; };
		D85739921F69402600949565 /* ViewController.m */ = {isa = PBXFileReference; lastKnownFileType = sourcecode.c.objc; path = ViewController.m; sourceTree = "<group>"; };
		D85739951F69402600949565 /* Base */ = {isa = PBXFileReference; lastKnownFileType = file.storyboard; name = Base; path = Base.lproj/Main.storyboard; sourceTree = "<group>"; };
		D85739971F69402600949565 /* Assets.xcassets */ = {isa = PBXFileReference; lastKnownFileType = folder.assetcatalog; path = Assets.xcassets; sourceTree = "<group>"; };
		D857399A1F69402600949565 /* Base */ = {isa = PBXFileReference; lastKnownFileType = file.storyboard; name = Base; path = Base.lproj/LaunchScreen.storyboard; sourceTree = "<group>"; };
		D857399C1F69402600949565 /* Info.plist */ = {isa = PBXFileReference; lastKnownFileType = text.plist.xml; path = Info.plist; sourceTree = "<group>"; };
		D85739A11F69402600949565 /* AnimationDemoTests.xctest */ = {isa = PBXFileReference; explicitFileType = wrapper.cfbundle; includeInIndex = 0; path = AnimationDemoTests.xctest; sourceTree = BUILT_PRODUCTS_DIR; };
		D85739A51F69402600949565 /* AnimationDemoTests.m */ = {isa = PBXFileReference; lastKnownFileType = sourcecode.c.objc; path = AnimationDemoTests.m; sourceTree = "<group>"; };
		D85739A71F69402600949565 /* Info.plist */ = {isa = PBXFileReference; lastKnownFileType = text.plist.xml; path = Info.plist; sourceTree = "<group>"; };
		D85739AC1F69402600949565 /* AnimationDemoUITests.xctest */ = {isa = PBXFileReference; explicitFileType = wrapper.cfbundle; includeInIndex = 0; path = AnimationDemoUITests.xctest; sourceTree = BUILT_PRODUCTS_DIR; };
		D85739B01F69402600949565 /* AnimationDemoUITests.m */ = {isa = PBXFileReference; lastKnownFileType = sourcecode.c.objc; path = AnimationDemoUITests.m; sourceTree = "<group>"; };
		D85739B21F69402600949565 /* Info.plist */ = {isa = PBXFileReference; lastKnownFileType = text.plist.xml; path = Info.plist; sourceTree = "<group>"; };
		D85739BF1F69403900949565 /* QuartzCore.framework */ = {isa = PBXFileReference; lastKnownFileType = wrapper.framework; name = QuartzCore.framework; path = System/Library/Frameworks/QuartzCore.framework; sourceTree = SDKROOT; };
/* End PBXFileReference section */

/* Begin PBXFrameworksBuildPhase section */
		D85739851F69402600949565 /* Frameworks */ = {
			isa = PBXFrameworksBuildPhase;
			buildActionMask = 2147483647;
			files = (
				D85739C01F69403900949565 /* QuartzCore.framework in Frameworks */,
			);
			runOnlyForDeploymentPostprocessing = 0;
		};
		D857399E1F69402600949565 /* Frameworks */ = {
			isa = PBXFrameworksBuildPhase;
			buildActionMask = 2147483647;
			files = (
			);
			runOnlyForDeploymentPostprocessing = 0;
		};
		D85739A91F69402600949565 /* Frameworks */ = {
			isa = PBXFrameworksBuildPhase;
			buildActionMask = 2147483647;
			files = (
			);
			runOnlyForDeploymentPostprocessing = 0;
		};
/* End PBXFrameworksBuildPhase section */

/* Begin PBXGroup section */
		D857397F1F69402600949565 = {
			isa = PBXGroup;
			children = (
				D857398A1F69402600949565 /* AnimationDemo */,
				D85739A41F69402600949565 /* AnimationDemoTests */,
				D85739AF1F69402600949565 /* AnimationDemoUITests */,
				D85739891F69402600949565 /* Products */,
				D85739BE1F69403900949565 /* Frameworks */,
			);
			sourceTree = "<group>";
		};
		D85739891F69402600949565 /* Products */ = {
			isa = PBXGroup;
			children = (
				D85739881F69402600949565 /* AnimationDemo.app */,
				D85739A11F69402600949565 /* AnimationDemoTests.xctest */,
				D85739AC1F69402600949565 /* AnimationDemoUITests.xctest */,
			);
			name = Products;
			sourceTree = "<group>";
		};
		D857398A1F69402600949565 /* AnimationDemo */ = {
			isa = PBXGroup;
			children = (
				D857398E1F69402600949565 /* AppDelegate.h */,
				D857398F1F69402600949565 /* AppDelegate.m */,
				D85739911F69402600949565 /* ViewController.h */,
				D85739921F69402600949565 /* ViewController.m */,
				D85739941F69402600949565 /* Main.storyboard */,
				D85739971F69402600949565 /* Assets.xcassets */,
				D85739991F69402600949565 /* LaunchScreen.storyboard */,
				D857399C1F69402600949565 /* Info.plist */,
				D857398B1F69402600949565 /* Supporting Files */,
			);
			path = AnimationDemo;
			sourceTree = "<group>";
		};
		D857398B1F69402600949565 /* Supporting Files */ = {
			isa = PBXGroup;
			children = (
				D857398C1F69402600949565 /* main.m */,
			);
			name = "Supporting Files";
			sourceTree = "<group>";
		};
		D85739A41F69402600949565 /* AnimationDemoTests */ = {
			isa = PBXGroup;
			children = (
				D85739A51F69402600949565 /* AnimationDemoTests.m */,
				D85739A71F69402600949565 /* Info.plist */,
			);
			path = AnimationDemoTests;
			sourceTree = "<group>";
		};
		D85739AF1F69402600949565 /* AnimationDemoUITests */ = {
			isa = PBXGroup;
			children = (
				D85739B01F69402600949565 /* AnimationDemoUITests.m */,
				D85739B21F69402600949565 /* Info.plist */,
			);
			path = AnimationDemoUITests;
			sourceTree = "<group>";
		};
		D85739BE1F69403900949565 /* Frameworks */ = {
			isa = PBXGroup;
			children = (
				D85739BF1F69403900949565 /* QuartzCore.framework */,
			);
			name = Frameworks;
			sourceTree = "<group>";
		};
/* End PBXGroup section */

/* Begin PBXNativeTarget section */
		D85739871F69402600949565 /* AnimationDemo */ = {
			isa = PBXNativeTarget;
			buildConfigurationList = D85739B51F69402600949565 /* Build configuration list for PBXNativeTarget "AnimationDemo" */;
			buildPhases = (
				D85739841F69402600949565 /* Sources */,
				D85739851F69402600949565 /* Frameworks */,
				D85739861F69402600949565 /* Resources */,
			);
			buildRules = (
			);
			dependencies = (
			);
			name = AnimationDemo;
			productName = AnimationDemo;
			productReference = D85739881F69402600949565 /* AnimationDemo.app */;
			productType = "com.apple.product-type.application";
		};
		D85739A01F69402600949565 /* AnimationDemoTests */ = {
			isa = PBXNativeTarget;
			buildConfigurationList = D85739B81F69402600949565 /* Build configuration list for PBXNativeTarget "AnimationDemoTests" */;
			buildPhases = (
				D857399D1F69402600949565 /* Sources */,
				D857399E1F69402600949565 /* Frameworks */,
				D857399F1F69402600949565 /* Resources */,
			);
			buildRules = (
			);
			dependencies = (
				D85739A31F69402600949565 /* PBXTargetDependency */,
			);
			name = AnimationDemoTests;
			productName = AnimationDemoTests;
			productReference = D85739A11F69402600949565 /* AnimationDemoTests.xctest */;
			productType = "com.apple.product-type.bundle.unit-test";
		};
		D85739AB1F69402600949565 /* AnimationDemoUITests */ = {
			isa = PBXNativeTarget;
			buildConfigurationList = D85739BB1F69402600949565 /* Build configuration list for PBXNativeTarget "AnimationDemoUITests" */;
			buildPhases = (
				D85739A81F69402600949565 /* Sources */,
				D85739A91F69402600949565 /* Frameworks */,
				D85739AA1F69402600949565 /* Resources */,
			);
			buildRules = (
			);
			dependencies = (
				D85739AE1F69402600949565 /* PBXTargetDependency */,
			);
			name = AnimationDemoUITests;
			productName = AnimationDemoUITests;
			productReference = D85739AC1F69402600949565 /* AnimationDemoUITests.xctest */;
			productType = "com.apple.product-type.bundle.ui-testing";
		};
/* End PBXNativeTarget section */

/* Begin PBXProject section */
		D85739801F69402600949565 /* Project object */ = {
			isa = PBXProject;
			attributes = {
				LastUpgradeCheck = 0830;
				ORGANIZATIONNAME = "Hongyear Information Technology (Shanghai) Co.,Ltd.";
				TargetAttributes = {
					D85739871F69402600949565 = {
						CreatedOnToolsVersion = 8.3.3;
						ProvisioningStyle = Automatic;
					};
					D85739A01F69402600949565 = {
						CreatedOnToolsVersion = 8.3.3;
						ProvisioningStyle = Automatic;
						TestTargetID = D85739871F69402600949565;
					};
					D85739AB1F69402600949565 = {
						CreatedOnToolsVersion = 8.3.3;
						ProvisioningStyle = Automatic;
						TestTargetID = D85739871F69402600949565;
					};
				};
			};
			buildConfigurationList = D85739831F69402600949565 /* Build configuration list for PBXProject "AnimationDemo" */;
			compatibilityVersion = "Xcode 3.2";
			developmentRegion = English;
			hasScannedForEncodings = 0;
			knownRegions = (
				en,
				Base,
			);
			mainGroup = D857397F1F69402600949565;
			productRefGroup = D85739891F69402600949565 /* Products */;
			projectDirPath = "";
			projectRoot = "";
			targets = (
				D85739871F69402600949565 /* AnimationDemo */,
				D85739A01F69402600949565 /* AnimationDemoTests */,
				D85739AB1F69402600949565 /* AnimationDemoUITests */,
			);
		};
/* End PBXProject section */

/* Begin PBXResourcesBuildPhase section */
		D85739861F69402600949565 /* Resources */ = {
			isa = PBXResourcesBuildPhase;
			buildActionMask = 2147483647;
			files = (
				D857399B1F69402600949565 /* LaunchScreen.storyboard in Resources */,
				D85739981F69402600949565 /* Assets.xcassets in Resources */,
				D85739961F69402600949565 /* Main.storyboard in Resources */,
			);
			runOnlyForDeploymentPostprocessing = 0;
		};
		D857399F1F69402600949565 /* Resources */ = {
			isa = PBXResourcesBuildPhase;
			buildActionMask = 2147483647;
			files = (
			);
			runOnlyForDeploymentPostprocessing = 0;
		};
		D85739AA1F69402600949565 /* Resources */ = {
			isa = PBXResourcesBuildPhase;
			buildActionMask = 2147483647;
			files = (
			);
			runOnlyForDeploymentPostprocessing = 0;
		};
/* End PBXResourcesBuildPhase section */

/* Begin PBXSourcesBuildPhase section */
		D85739841F69402600949565 /* Sources */ = {
			isa = PBXSourcesBuildPhase;
			buildActionMask = 2147483647;
			files = (
				D85739931F69402600949565 /* ViewController.m in Sources */,
				D85739901F69402600949565 /* AppDelegate.m in Sources */,
				D857398D1F69402600949565 /* main.m in Sources */,
			);
			runOnlyForDeploymentPostprocessing = 0;
		};
		D857399D1F69402600949565 /* Sources */ = {
			isa = PBXSourcesBuildPhase;
			buildActionMask = 2147483647;
			files = (
				D85739A61F69402600949565 /* AnimationDemoTests.m in Sources */,
			);
			runOnlyForDeploymentPostprocessing = 0;
		};
		D85739A81F69402600949565 /* Sources */ = {
			isa = PBXSourcesBuildPhase;
			buildActionMask = 2147483647;
			files = (
				D85739B11F69402600949565 /* AnimationDemoUITests.m in Sources */,
			);
			runOnlyForDeploymentPostprocessing = 0;
		};
/* End PBXSourcesBuildPhase section */

/* Begin PBXTargetDependency section */
		D85739A31F69402600949565 /* PBXTargetDependency */ = {
			isa = PBXTargetDependency;
			target = D85739871F69402600949565 /* AnimationDemo */;
			targetProxy = D85739A21F69402600949565 /* PBXContainerItemProxy */;
		};
		D85739AE1F69402600949565 /* PBXTargetDependency */ = {
			isa = PBXTargetDependency;
			target = D85739871F69402600949565 /* AnimationDemo */;
			targetProxy = D85739AD1F69402600949565 /* PBXContainerItemProxy */;
		};
/* End PBXTargetDependency section */

/* Begin PBXVariantGroup section */
		D85739941F69402600949565 /* Main.storyboard */ = {
			isa = PBXVariantGroup;
			children = (
				D85739951F69402600949565 /* Base */,
			);
			name = Main.storyboard;
			sourceTree = "<group>";
		};
		D85739991F69402600949565 /* LaunchScreen.storyboard */ = {
			isa = PBXVariantGroup;
			children = (
				D857399A1F69402600949565 /* Base */,
			);
			name = LaunchScreen.storyboard;
			sourceTree = "<group>";
		};
/* End PBXVariantGroup section */

/* Begin XCBuildConfiguration section */
		D85739B31F69402600949565 /* Debug */ = {
			isa = XCBuildConfiguration;
			buildSettings = {
				ALWAYS_SEARCH_USER_PATHS = NO;
				CLANG_ANALYZER_NONNULL = YES;
				CLANG_ANALYZER_NUMBER_OBJECT_CONVERSION = YES_AGGRESSIVE;
				CLANG_CXX_LANGUAGE_STANDARD = "gnu++0x";
				CLANG_CXX_LIBRARY = "libc++";
				CLANG_ENABLE_MODULES = YES;
				CLANG_ENABLE_OBJC_ARC = YES;
				CLANG_WARN_BOOL_CONVERSION = YES;
				CLANG_WARN_CONSTANT_CONVERSION = YES;
				CLANG_WARN_DIRECT_OBJC_ISA_USAGE = YES_ERROR;
				CLANG_WARN_DOCUMENTATION_COMMENTS = YES;
				CLANG_WARN_EMPTY_BODY = YES;
				CLANG_WARN_ENUM_CONVERSION = YES;
				CLANG_WARN_INFINITE_RECURSION = YES;
				CLANG_WARN_INT_CONVERSION = YES;
				CLANG_WARN_OBJC_ROOT_CLASS = YES_ERROR;
				CLANG_WARN_SUSPICIOUS_MOVE = YES;
				CLANG_WARN_UNREACHABLE_CODE = YES;
				CLANG_WARN__DUPLICATE_METHOD_MATCH = YES;
				"CODE_SIGN_IDENTITY[sdk=iphoneos*]" = "iPhone Developer";
				COPY_PHASE_STRIP = NO;
				DEBUG_INFORMATION_FORMAT = dwarf;
				ENABLE_STRICT_OBJC_MSGSEND = YES;
				ENABLE_TESTABILITY = YES;
				GCC_C_LANGUAGE_STANDARD = gnu99;
				GCC_DYNAMIC_NO_PIC = NO;
				GCC_NO_COMMON_BLOCKS = YES;
				GCC_OPTIMIZATION_LEVEL = 0;
				GCC_PREPROCESSOR_DEFINITIONS = (
					"DEBUG=1",
					"$(inherited)",
				);
				GCC_WARN_64_TO_32_BIT_CONVERSION = YES;
				GCC_WARN_ABOUT_RETURN_TYPE = YES_ERROR;
				GCC_WARN_UNDECLARED_SELECTOR = YES;
				GCC_WARN_UNINITIALIZED_AUTOS = YES_AGGRESSIVE;
				GCC_WARN_UNUSED_FUNCTION = YES;
				GCC_WARN_UNUSED_VARIABLE = YES;
				IPHONEOS_DEPLOYMENT_TARGET = 10.3;
				MTL_ENABLE_DEBUG_INFO = YES;
				ONLY_ACTIVE_ARCH = YES;
				SDKROOT = iphoneos;
				TARGETED_DEVICE_FAMILY = "1,2";
			};
			name = Debug;
		};
		D85739B41F69402600949565 /* Release */ = {
			isa = XCBuildConfiguration;
			buildSettings = {
				ALWAYS_SEARCH_USER_PATHS = NO;
				CLANG_ANALYZER_NONNULL = YES;
				CLANG_ANALYZER_NUMBER_OBJECT_CONVERSION = YES_AGGRESSIVE;
				CLANG_CXX_LANGUAGE_STANDARD = "gnu++0x";
				CLANG_CXX_LIBRARY = "libc++";
				CLANG_ENABLE_MODULES = YES;
				CLANG_ENABLE_OBJC_ARC = YES;
				CLANG_WARN_BOOL_CONVERSION = YES;
				CLANG_WARN_CONSTANT_CONVERSION = YES;
				CLANG_WARN_DIRECT_OBJC_ISA_USAGE = YES_ERROR;
				CLANG_WARN_DOCUMENTATION_COMMENTS = YES;
				CLANG_WARN_EMPTY_BODY = YES;
				CLANG_WARN_ENUM_CONVERSION = YES;
				CLANG_WARN_INFINITE_RECURSION = YES;
				CLANG_WARN_INT_CONVERSION = YES;
				CLANG_WARN_OBJC_ROOT_CLASS = YES_ERROR;
				CLANG_WARN_SUSPICIOUS_MOVE = YES;
				CLANG_WARN_UNREACHABLE_CODE = YES;
				CLANG_WARN__DUPLICATE_METHOD_MATCH = YES;
				"CODE_SIGN_IDENTITY[sdk=iphoneos*]" = "iPhone Developer";
				COPY_PHASE_STRIP = NO;
				DEBUG_INFORMATION_FORMAT = "dwarf-with-dsym";
				ENABLE_NS_ASSERTIONS = NO;
				ENABLE_STRICT_OBJC_MSGSEND = YES;
				GCC_C_LANGUAGE_STANDARD = gnu99;
				GCC_NO_COMMON_BLOCKS = YES;
				GCC_WARN_64_TO_32_BIT_CONVERSION = YES;
				GCC_WARN_ABOUT_RETURN_TYPE = YES_ERROR;
				GCC_WARN_UNDECLARED_SELECTOR = YES;
				GCC_WARN_UNINITIALIZED_AUTOS = YES_AGGRESSIVE;
				GCC_WARN_UNUSED_FUNCTION = YES;
				GCC_WARN_UNUSED_VARIABLE = YES;
				IPHONEOS_DEPLOYMENT_TARGET = 10.3;
				MTL_ENABLE_DEBUG_INFO = NO;
				SDKROOT = iphoneos;
				TARGETED_DEVICE_FAMILY = "1,2";
				VALIDATE_PRODUCT = YES;
			};
			name = Release;
		};
		D85739B61F69402600949565 /* Debug */ = {
			isa = XCBuildConfiguration;
			buildSettings = {
				ASSETCATALOG_COMPILER_APPICON_NAME = AppIcon;
				INFOPLIST_FILE = AnimationDemo/Info.plist;
				LD_RUNPATH_SEARCH_PATHS = "$(inherited) @executable_path/Frameworks";
				PRODUCT_BUNDLE_IDENTIFIER = com.zzj.AnimationDemo;
				PRODUCT_NAME = "$(TARGET_NAME)";
			};
			name = Debug;
		};
		D85739B71F69402600949565 /* Release */ = {
			isa = XCBuildConfiguration;
			buildSettings = {
				ASSETCATALOG_COMPILER_APPICON_NAME = AppIcon;
				INFOPLIST_FILE = AnimationDemo/Info.plist;
				LD_RUNPATH_SEARCH_PATHS = "$(inherited) @executable_path/Frameworks";
				PRODUCT_BUNDLE_IDENTIFIER = com.zzj.AnimationDemo;
				PRODUCT_NAME = "$(TARGET_NAME)";
			};
			name = Release;
		};
		D85739B91F69402600949565 /* Debug */ = {
			isa = XCBuildConfiguration;
			buildSettings = {
				BUNDLE_LOADER = "$(TEST_HOST)";
				INFOPLIST_FILE = AnimationDemoTests/Info.plist;
				LD_RUNPATH_SEARCH_PATHS = "$(inherited) @executable_path/Frameworks @loader_path/Frameworks";
				PRODUCT_BUNDLE_IDENTIFIER = com.zzj.AnimationDemoTests;
				PRODUCT_NAME = "$(TARGET_NAME)";
				TEST_HOST = "$(BUILT_PRODUCTS_DIR)/AnimationDemo.app/AnimationDemo";
			};
			name = Debug;
		};
		D85739BA1F69402600949565 /* Release */ = {
			isa = XCBuildConfiguration;
			buildSettings = {
				BUNDLE_LOADER = "$(TEST_HOST)";
				INFOPLIST_FILE = AnimationDemoTests/Info.plist;
				LD_RUNPATH_SEARCH_PATHS = "$(inherited) @executable_path/Frameworks @loader_path/Frameworks";
				PRODUCT_BUNDLE_IDENTIFIER = com.zzj.AnimationDemoTests;
				PRODUCT_NAME = "$(TARGET_NAME)";
				TEST_HOST = "$(BUILT_PRODUCTS_DIR)/AnimationDemo.app/AnimationDemo";
			};
			name = Release;
		};
		D85739BC1F69402600949565 /* Debug */ = {
			isa = XCBuildConfiguration;
			buildSettings = {
				INFOPLIST_FILE = AnimationDemoUITests/Info.plist;
				LD_RUNPATH_SEARCH_PATHS = "$(inherited) @executable_path/Frameworks @loader_path/Frameworks";
				PRODUCT_BUNDLE_IDENTIFIER = com.zzj.AnimationDemoUITests;
				PRODUCT_NAME = "$(TARGET_NAME)";
				TEST_TARGET_NAME = AnimationDemo;
			};
			name = Debug;
		};
		D85739BD1F69402600949565 /* Release */ = {
			isa = XCBuildConfiguration;
			buildSettings = {
				INFOPLIST_FILE = AnimationDemoUITests/Info.plist;
				LD_RUNPATH_SEARCH_PATHS = "$(inherited) @executable_path/Frameworks @loader_path/Frameworks";
				PRODUCT_BUNDLE_IDENTIFIER = com.zzj.AnimationDemoUITests;
				PRODUCT_NAME = "$(TARGET_NAME)";
				TEST_TARGET_NAME = AnimationDemo;
			};
			name = Release;
		};
/* End XCBuildConfiguration section */

/* Begin XCConfigurationList section */
		D85739831F69402600949565 /* Build configuration list for PBXProject "AnimationDemo" */ = {
			isa = XCConfigurationList;
			buildConfigurations = (
				D85739B31F69402600949565 /* Debug */,
				D85739B41F69402600949565 /* Release */,
			);
			defaultConfigurationIsVisible = 0;
			defaultConfigurationName = Release;
		};
		D85739B51F69402600949565 /* Build configuration list for PBXNativeTarget "AnimationDemo" */ = {
			isa = XCConfigurationList;
			buildConfigurations = (
				D85739B61F69402600949565 /* Debug */,
				D85739B71F69402600949565 /* Release */,
			);
			defaultConfigurationIsVisible = 0;
		};
		D85739B81F69402600949565 /* Build configuration list for PBXNativeTarget "AnimationDemoTests" */ = {
			isa = XCConfigurationList;
			buildConfigurations = (
				D85739B91F69402600949565 /* Debug */,
				D85739BA1F69402600949565 /* Release */,
			);
			defaultConfigurationIsVisible = 0;
		};
		D85739BB1F69402600949565 /* Build configuration list for PBXNativeTarget "AnimationDemoUITests" */ = {
			isa = XCConfigurationList;
			buildConfigurations = (
				D85739BC1F69402600949565 /* Debug */,
				D85739BD1F69402600949565 /* Release */,
			);
			defaultConfigurationIsVisible = 0;
		};
/* End XCConfigurationList section */
	};
	rootObject = D85739801F69402600949565 /* Project object */;
}
